
Microsoft Visual Studio Solution File, Format Version 12.00
# Visual Studio Version 17
VisualStudioVersion = 17.11.35222.181
MinimumVisualStudioVersion = 10.0.40219.1
Project("{FAE04EC0-301F-11D3-BF4B-00C04F79EFBC}") = "lr7", "lr7.csproj", "{B6023412-1155-4AF6-9D11-AABFC09D9E11}"
EndProject
Global
	GlobalSection(SolutionConfigurationPlatforms) = preSolution
		Debug|Any CPU = Debug|Any CPU
		Release|Any CPU = Release|Any CPU
	EndGlobalSection
	GlobalSection(ProjectConfigurationPlatforms) = postSolution
		{B6023412-1155-4AF6-9D11-AABFC09D9E11}.Debug|Any CPU.ActiveCfg = Debug|Any CPU
		{B6023412-1155-4AF6-9D11-AABFC09D9E11}.Debug|Any CPU.Build.0 = Debug|Any CPU
		{B6023412-1155-4AF6-9D11-AABFC09D9E11}.Release|Any CPU.ActiveCfg = Release|Any CPU
		{B6023412-1155-4AF6-9D11-AABFC09D9E11}.Release|Any CPU.Build.0 = Release|Any CPU
	EndGlobalSection
	GlobalSection(SolutionProperties) = preSolution
		HideSolutionNode = FALSE
	EndGlobalSection
	GlobalSection(ExtensibilityGlobals) = postSolution
		SolutionGuid = {56E24F8A-6CBA-4D21-931D-A16FFBAA3C1E}
	EndGlobalSection
EndGlobal
